
Microsoft Visual Studio Solution File, Format Version 12.00
# Visual Studio Version 16
VisualStudioVersion = 16.0.31019.35
MinimumVisualStudioVersion = 10.0.40219.1
Project("{9A19103F-16F7-4668-BE54-9A1E7A4F7556}") = "LEDPiLib", "LEDPiLib\LEDPiLib.csproj", "{C9D3F282-80D3-4057-A292-5915374D8E4B}"
EndProject
Project("{9A19103F-16F7-4668-BE54-9A1E7A4F7556}") = "DevKit", "DevKit\DevKit.csproj", "{E6DC4E9F-8338-4067-B94E-0F520C346BCD}"
EndProject
Project("{9A19103F-16F7-4668-BE54-9A1E7A4F7556}") = "LEDPiApp", "LEDPiApp\LEDPiApp.csproj", "{8945A689-62C7-4037-97FB-53913A30935E}"
EndProject
Project("{FAE04EC0-301F-11D3-BF4B-00C04F79EFBC}") = "LEDPiProcessor", "LEDPiProcessor\LEDPiProcessor.csproj", "{34F49088-9099-4E34-B23E-898CFDAC952A}"
EndProject
Global
	GlobalSection(SolutionConfigurationPlatforms) = preSolution
		Debug|Any CPU = Debug|Any CPU
		Release|Any CPU = Release|Any CPU
	EndGlobalSection
	GlobalSection(ProjectConfigurationPlatforms) = postSolution
		{C9D3F282-80D3-4057-A292-5915374D8E4B}.Debug|Any CPU.ActiveCfg = Debug|Any CPU
		{C9D3F282-80D3-4057-A292-5915374D8E4B}.Debug|Any CPU.Build.0 = Debug|Any CPU
		{C9D3F282-80D3-4057-A292-5915374D8E4B}.Release|Any CPU.ActiveCfg = Release|Any CPU
		{C9D3F282-80D3-4057-A292-5915374D8E4B}.Release|Any CPU.Build.0 = Release|Any CPU
		{E6DC4E9F-8338-4067-B94E-0F520C346BCD}.Debug|Any CPU.ActiveCfg = Debug|Any CPU
		{E6DC4E9F-8338-4067-B94E-0F520C346BCD}.Debug|Any CPU.Build.0 = Debug|Any CPU
		{E6DC4E9F-8338-4067-B94E-0F520C346BCD}.Release|Any CPU.ActiveCfg = Release|Any CPU
		{E6DC4E9F-8338-4067-B94E-0F520C346BCD}.Release|Any CPU.Build.0 = Release|Any CPU
		{8945A689-62C7-4037-97FB-53913A30935E}.Debug|Any CPU.ActiveCfg = Debug|Any CPU
		{8945A689-62C7-4037-97FB-53913A30935E}.Debug|Any CPU.Build.0 = Debug|Any CPU
		{8945A689-62C7-4037-97FB-53913A30935E}.Release|Any CPU.ActiveCfg = Release|Any CPU
		{8945A689-62C7-4037-97FB-53913A30935E}.Release|Any CPU.Build.0 = Release|Any CPU
		{34F49088-9099-4E34-B23E-898CFDAC952A}.Debug|Any CPU.ActiveCfg = Debug|Any CPU
		{34F49088-9099-4E34-B23E-898CFDAC952A}.Debug|Any CPU.Build.0 = Debug|Any CPU
		{34F49088-9099-4E34-B23E-898CFDAC952A}.Release|Any CPU.ActiveCfg = Release|Any CPU
		{34F49088-9099-4E34-B23E-898CFDAC952A}.Release|Any CPU.Build.0 = Release|Any CPU
	EndGlobalSection
	GlobalSection(SolutionProperties) = preSolution
		HideSolutionNode = FALSE
	EndGlobalSection
	GlobalSection(ExtensibilityGlobals) = postSolution
		SolutionGuid = {C5BE29E0-3AF4-41B7-B42C-470591695649}
	EndGlobalSection
EndGlobal
